
Microsoft Visual Studio Solution File, Format Version 12.00
# Visual Studio Version 17
VisualStudioVersion = 17.4.33213.308
MinimumVisualStudioVersion = 10.0.40219.1
Project("{FAE04EC0-301F-11D3-BF4B-00C04F79EFBC}") = "Coti4150Asig02", "Coti4150Asig02\Coti4150Asig02.csproj", "{8EF6F9DE-F302-4951-A907-4C4164694330}"
EndProject
Global
	GlobalSection(SolutionConfigurationPlatforms) = preSolution
		Debug|Any CPU = Debug|Any CPU
		Release|Any CPU = Release|Any CPU
	EndGlobalSection
	GlobalSection(ProjectConfigurationPlatforms) = postSolution
		{8EF6F9DE-F302-4951-A907-4C4164694330}.Debug|Any CPU.ActiveCfg = Debug|Any CPU
		{8EF6F9DE-F302-4951-A907-4C4164694330}.Debug|Any CPU.Build.0 = Debug|Any CPU
		{8EF6F9DE-F302-4951-A907-4C4164694330}.Release|Any CPU.ActiveCfg = Release|Any CPU
		{8EF6F9DE-F302-4951-A907-4C4164694330}.Release|Any CPU.Build.0 = Release|Any CPU
	EndGlobalSection
	GlobalSection(SolutionProperties) = preSolution
		HideSolutionNode = FALSE
	EndGlobalSection
	GlobalSection(ExtensibilityGlobals) = postSolution
		SolutionGuid = {8FF57C9E-EF51-4297-B4EC-D29E43E39FF0}
	EndGlobalSection
EndGlobal
